# This file was autogenerated by uv via the following command:
#    uv pip compile --extra dev --constraint requirements.lock -o requirements-dev.lock pyproject.toml
annotated-types==0.7.0
    # via
    #   -c requirements.lock
    #   pydantic
anyio==4.6.0
    # via
    #   -c requirements.lock
    #   starlette
click==8.1.7
    # via typer
colorama==0.4.6
    # via copier
copier==9.3.1
    # via pspm
dunamai==1.22.0
    # via copier
fastapi==0.115.0
    # via
    #   -c requirements.lock
    #   csv-ruler (pyproject.toml)
funcy==2.0
    # via copier
idna==3.10
    # via
    #   -c requirements.lock
    #   anyio
jinja2==3.1.4
    # via
    #   copier
    #   jinja2-ansible-filters
jinja2-ansible-filters==1.3.2
    # via copier
markdown-it-py==3.0.0
    # via rich
markupsafe==2.1.5
    # via jinja2
mdurl==0.1.2
    # via markdown-it-py
packaging==24.1
    # via
    #   copier
    #   dunamai
pathspec==0.12.1
    # via copier
plumbum==1.9.0
    # via copier
prompt-toolkit==3.0.36
    # via questionary
pspm==1.9.3
    # via csv-ruler (pyproject.toml)
pydantic==2.9.2
    # via
    #   -c requirements.lock
    #   copier
    #   fastapi
pydantic-core==2.23.4
    # via
    #   -c requirements.lock
    #   pydantic
pygments==2.18.0
    # via
    #   copier
    #   rich
pyyaml==6.0.2
    # via
    #   copier
    #   jinja2-ansible-filters
questionary==2.0.1
    # via copier
rich==13.9.2
    # via typer
shellingham==1.5.4
    # via typer
sniffio==1.3.1
    # via
    #   -c requirements.lock
    #   anyio
starlette==0.38.6
    # via
    #   -c requirements.lock
    #   fastapi
tomli-w==1.0.0
    # via pspm
typer==0.12.5
    # via pspm
typing-extensions==4.12.2
    # via
    #   -c requirements.lock
    #   fastapi
    #   pydantic
    #   pydantic-core
    #   typer
wcwidth==0.2.13
    # via prompt-toolkit
