# This file was autogenerated by uv via the following command:
#    uv pip compile --extra dev --constraint requirements.lock -o requirements-dev.lock pyproject.toml
annotated-types==0.7.0
    # via
    #   -c requirements.lock
    #   pydantic
anyio==4.6.0
    # via
    #   -c requirements.lock
    #   httpx
    #   starlette
    #   watchfiles
certifi==2024.8.30
    # via
    #   httpcore
    #   httpx
click==8.1.7
    # via
    #   typer
    #   uvicorn
colorama==0.4.6
    # via copier
copier==9.3.1
    # via pspm
dnspython==2.7.0
    # via email-validator
dunamai==1.22.0
    # via copier
email-validator==2.2.0
    # via fastapi
fastapi==0.115.0
    # via
    #   -c requirements.lock
    #   csv-ruler (pyproject.toml)
fastapi-cli==0.0.5
    # via fastapi
funcy==2.0
    # via copier
h11==0.14.0
    # via
    #   httpcore
    #   uvicorn
httpcore==1.0.6
    # via httpx
httptools==0.6.1
    # via uvicorn
httpx==0.27.2
    # via fastapi
idna==3.10
    # via
    #   -c requirements.lock
    #   anyio
    #   email-validator
    #   httpx
jinja2==3.1.4
    # via
    #   copier
    #   fastapi
    #   jinja2-ansible-filters
jinja2-ansible-filters==1.3.2
    # via copier
markdown-it-py==3.0.0
    # via rich
markupsafe==2.1.5
    # via jinja2
mdurl==0.1.2
    # via markdown-it-py
packaging==24.1
    # via
    #   copier
    #   dunamai
pathspec==0.12.1
    # via copier
plumbum==1.9.0
    # via copier
prompt-toolkit==3.0.36
    # via questionary
pspm==1.9.3
    # via csv-ruler (pyproject.toml)
pydantic==2.9.2
    # via
    #   -c requirements.lock
    #   copier
    #   fastapi
pydantic-core==2.23.4
    # via
    #   -c requirements.lock
    #   pydantic
pygments==2.18.0
    # via
    #   copier
    #   rich
python-dotenv==1.0.1
    # via uvicorn
python-multipart==0.0.12
    # via fastapi
pyyaml==6.0.2
    # via
    #   copier
    #   jinja2-ansible-filters
    #   uvicorn
questionary==2.0.1
    # via copier
rich==13.9.2
    # via typer
shellingham==1.5.4
    # via typer
sniffio==1.3.1
    # via
    #   -c requirements.lock
    #   anyio
    #   httpx
starlette==0.38.6
    # via
    #   -c requirements.lock
    #   fastapi
tomli-w==1.0.0
    # via pspm
typer==0.12.5
    # via
    #   fastapi-cli
    #   pspm
typing-extensions==4.12.2
    # via
    #   -c requirements.lock
    #   fastapi
    #   pydantic
    #   pydantic-core
    #   typer
uvicorn==0.31.0
    # via
    #   fastapi
    #   fastapi-cli
uvloop==0.20.0
    # via uvicorn
watchfiles==0.24.0
    # via uvicorn
wcwidth==0.2.13
    # via prompt-toolkit
websockets==13.1
    # via uvicorn
